
Microsoft Visual Studio Solution File, Format Version 12.00
# Visual Studio Version 17
VisualStudioVersion = 17.10.34916.146
MinimumVisualStudioVersion = 10.0.40219.1
Project("{9A19103F-16F7-4668-BE54-9A1E7A4F7556}") = "Data", "Data\Data.csproj", "{760FED51-32B4-40D3-9B4E-94EA51D9ACE0}"
EndProject
Project("{FAE04EC0-301F-11D3-BF4B-00C04F79EFBC}") = "DataTests", "DataTests\DataTests.csproj", "{1BC0D186-C3EC-4B99-B63B-C11D922D4C92}"
EndProject
Project("{FAE04EC0-301F-11D3-BF4B-00C04F79EFBC}") = "PointOfSale", "PointOfSale3\PointOfSale.csproj", "{17D9D81C-7FBC-47B8-AB67-CD88D4B932D0}"
EndProject
Global
	GlobalSection(SolutionConfigurationPlatforms) = preSolution
		Debug|Any CPU = Debug|Any CPU
		Release|Any CPU = Release|Any CPU
	EndGlobalSection
	GlobalSection(ProjectConfigurationPlatforms) = postSolution
		{760FED51-32B4-40D3-9B4E-94EA51D9ACE0}.Debug|Any CPU.ActiveCfg = Debug|Any CPU
		{760FED51-32B4-40D3-9B4E-94EA51D9ACE0}.Debug|Any CPU.Build.0 = Debug|Any CPU
		{760FED51-32B4-40D3-9B4E-94EA51D9ACE0}.Release|Any CPU.ActiveCfg = Release|Any CPU
		{760FED51-32B4-40D3-9B4E-94EA51D9ACE0}.Release|Any CPU.Build.0 = Release|Any CPU
		{1BC0D186-C3EC-4B99-B63B-C11D922D4C92}.Debug|Any CPU.ActiveCfg = Debug|Any CPU
		{1BC0D186-C3EC-4B99-B63B-C11D922D4C92}.Debug|Any CPU.Build.0 = Debug|Any CPU
		{1BC0D186-C3EC-4B99-B63B-C11D922D4C92}.Release|Any CPU.ActiveCfg = Release|Any CPU
		{1BC0D186-C3EC-4B99-B63B-C11D922D4C92}.Release|Any CPU.Build.0 = Release|Any CPU
		{17D9D81C-7FBC-47B8-AB67-CD88D4B932D0}.Debug|Any CPU.ActiveCfg = Debug|Any CPU
		{17D9D81C-7FBC-47B8-AB67-CD88D4B932D0}.Debug|Any CPU.Build.0 = Debug|Any CPU
		{17D9D81C-7FBC-47B8-AB67-CD88D4B932D0}.Release|Any CPU.ActiveCfg = Release|Any CPU
		{17D9D81C-7FBC-47B8-AB67-CD88D4B932D0}.Release|Any CPU.Build.0 = Release|Any CPU
	EndGlobalSection
	GlobalSection(SolutionProperties) = preSolution
		HideSolutionNode = FALSE
	EndGlobalSection
	GlobalSection(ExtensibilityGlobals) = postSolution
		SolutionGuid = {A53322DA-851B-456B-8524-A538CE5B0C86}
	EndGlobalSection
EndGlobal
